<?xml version="1.0" encoding="utf-8"?>
<Project ToolsVersion="4.0" xmlns="http://schemas.microsoft.com/developer/msbuild/2003">
  <ItemGroup>
    <Filter Include="headers">
      <UniqueIdentifier>{93995380-89BD-4b04-88EB-625FBE52EBFB}</UniqueIdentifier>
      <Extensions>h;hpp;hxx;hm;inl;inc;xsd</Extensions>
    </Filter>
    <Filter Include="source">
      <UniqueIdentifier>{4FC737F1-C7A5-4376-A066-2A32D752A2FF}</UniqueIdentifier>
      <Extensions>cpp;c;cc;cxx;def;odl;idl;hpj;bat;asm;asmx</Extensions>
    </Filter>
  </ItemGroup>
  <ItemGroup>
    <ClCompile Include="manualmap.cpp">
      <Filter>source</Filter>
    </ClCompile>
    <ClCompile Include="dllmain_remotecall.cpp">
      <Filter>source</Filter>
    </ClCompile>
    <ClCompile Include="findproc.cpp">
      <Filter>source</Filter>
    </ClCompile>
    <ClCompile Include="main.cpp">
      <Filter>source</Filter>
    </ClCompile>
    <ClCompile Include="common.cpp">
      <Filter>source</Filter>
    </ClCompile>
    <ClCompile Include="process.cpp">
      <Filter>source</Filter>
    </ClCompile>
    <ClCompile Include="thread.cpp">
      <Filter>source</Filter>
    </ClCompile>
    <ClCompile Include="module.cpp">
      <Filter>source</Filter>
    </ClCompile>
    <ClCompile Include="exception.cpp">
      <Filter>source</Filter>
    </ClCompile>
  </ItemGroup>
  <ItemGroup>
    <ClInclude Include="findproc.hpp">
      <Filter>headers</Filter>
    </ClInclude>
    <ClInclude Include="exception.hpp">
      <Filter>headers</Filter>
    </ClInclude>
    <ClInclude Include="common.hpp">
      <Filter>headers</Filter>
    </ClInclude>
    <ClInclude Include="process.hpp">
      <Filter>headers</Filter>
    </ClInclude>
    <ClInclude Include="module.hpp">
      <Filter>headers</Filter>
    </ClInclude>
    <ClInclude Include="thread.hpp">
      <Filter>headers</Filter>
    </ClInclude>
    <ClInclude Include="library.hpp">
      <Filter>headers</Filter>
    </ClInclude>
    <ClInclude Include="memoryarea.hpp">
      <Filter>headers</Filter>
    </ClInclude>
    <ClInclude Include="file.hpp">
      <Filter>headers</Filter>
    </ClInclude>
  </ItemGroup>
</Project>